
Microsoft Visual Studio Solution File, Format Version 12.00
# Visual Studio Version 16
VisualStudioVersion = 16.0.31515.178
MinimumVisualStudioVersion = 10.0.40219.1
Project("{9A19103F-16F7-4668-BE54-9A1E7A4F7556}") = "ClearentTest", "ClearentTest\ClearentTest.csproj", "{A0D76A8E-B188-4365-A851-0A5AEB98E225}"
EndProject
Project("{FAE04EC0-301F-11D3-BF4B-00C04F79EFBC}") = "ClearentUnitTests", "ClearentUnitTests\ClearentUnitTests.csproj", "{95F3F4BA-E421-4D6C-B13F-DAB3F8E88F0D}"
EndProject
Global
	GlobalSection(SolutionConfigurationPlatforms) = preSolution
		Debug|Any CPU = Debug|Any CPU
		Release|Any CPU = Release|Any CPU
	EndGlobalSection
	GlobalSection(ProjectConfigurationPlatforms) = postSolution
		{A0D76A8E-B188-4365-A851-0A5AEB98E225}.Debug|Any CPU.ActiveCfg = Debug|Any CPU
		{A0D76A8E-B188-4365-A851-0A5AEB98E225}.Debug|Any CPU.Build.0 = Debug|Any CPU
		{A0D76A8E-B188-4365-A851-0A5AEB98E225}.Release|Any CPU.ActiveCfg = Release|Any CPU
		{A0D76A8E-B188-4365-A851-0A5AEB98E225}.Release|Any CPU.Build.0 = Release|Any CPU
		{95F3F4BA-E421-4D6C-B13F-DAB3F8E88F0D}.Debug|Any CPU.ActiveCfg = Debug|Any CPU
		{95F3F4BA-E421-4D6C-B13F-DAB3F8E88F0D}.Debug|Any CPU.Build.0 = Debug|Any CPU
		{95F3F4BA-E421-4D6C-B13F-DAB3F8E88F0D}.Release|Any CPU.ActiveCfg = Release|Any CPU
		{95F3F4BA-E421-4D6C-B13F-DAB3F8E88F0D}.Release|Any CPU.Build.0 = Release|Any CPU
	EndGlobalSection
	GlobalSection(SolutionProperties) = preSolution
		HideSolutionNode = FALSE
	EndGlobalSection
	GlobalSection(ExtensibilityGlobals) = postSolution
		SolutionGuid = {BB674062-EFCE-4561-B59A-CAB29EB01173}
	EndGlobalSection
EndGlobal
